
Microsoft Visual Studio Solution File, Format Version 12.00
# Visual Studio Version 17
VisualStudioVersion = 17.10.35122.118
MinimumVisualStudioVersion = 10.0.40219.1
Project("{FAE04EC0-301F-11D3-BF4B-00C04F79EFBC}") = "CSharpStudying", "CSharpStudying\CSharpStudying.csproj", "{2D8AFEE7-0412-46E7-B538-7C9552051075}"
EndProject
Project("{FAE04EC0-301F-11D3-BF4B-00C04F79EFBC}") = "Loops", "Loops\Loops.csproj", "{538FAAF4-3D6D-4428-B62B-40597A3490A5}"
EndProject
Global
	GlobalSection(SolutionConfigurationPlatforms) = preSolution
		Debug|Any CPU = Debug|Any CPU
		Release|Any CPU = Release|Any CPU
	EndGlobalSection
	GlobalSection(ProjectConfigurationPlatforms) = postSolution
		{2D8AFEE7-0412-46E7-B538-7C9552051075}.Debug|Any CPU.ActiveCfg = Debug|Any CPU
		{2D8AFEE7-0412-46E7-B538-7C9552051075}.Debug|Any CPU.Build.0 = Debug|Any CPU
		{2D8AFEE7-0412-46E7-B538-7C9552051075}.Release|Any CPU.ActiveCfg = Release|Any CPU
		{2D8AFEE7-0412-46E7-B538-7C9552051075}.Release|Any CPU.Build.0 = Release|Any CPU
		{538FAAF4-3D6D-4428-B62B-40597A3490A5}.Debug|Any CPU.ActiveCfg = Debug|Any CPU
		{538FAAF4-3D6D-4428-B62B-40597A3490A5}.Debug|Any CPU.Build.0 = Debug|Any CPU
		{538FAAF4-3D6D-4428-B62B-40597A3490A5}.Release|Any CPU.ActiveCfg = Release|Any CPU
		{538FAAF4-3D6D-4428-B62B-40597A3490A5}.Release|Any CPU.Build.0 = Release|Any CPU
	EndGlobalSection
	GlobalSection(SolutionProperties) = preSolution
		HideSolutionNode = FALSE
	EndGlobalSection
	GlobalSection(ExtensibilityGlobals) = postSolution
		SolutionGuid = {03244F68-DCDB-4113-8884-AE27430852E8}
	EndGlobalSection
EndGlobal
